<?xml version="1.0" encoding="utf-8"?>
<Project ToolsVersion="4.0" xmlns="http://schemas.microsoft.com/developer/msbuild/2003">
  <ItemGroup>
    <Filter Include="ソース ファイル">
      <UniqueIdentifier>{4FC737F1-C7A5-4376-A066-2A32D752A2FF}</UniqueIdentifier>
      <Extensions>cpp;c;cc;cxx;def;odl;idl;hpj;bat;asm;asmx</Extensions>
    </Filter>
    <Filter Include="ソース ファイル\common">
      <UniqueIdentifier>{d1c6422d-5b25-4a73-92ca-56c9e332a01c}</UniqueIdentifier>
    </Filter>
    <Filter Include="ソース ファイル\Sound">
      <UniqueIdentifier>{7c9b1f76-3ef5-4602-a2fe-267476229853}</UniqueIdentifier>
    </Filter>
    <Filter Include="ソース ファイル\Image">
      <UniqueIdentifier>{4fda788b-cc19-44d1-8ee4-0c69db777037}</UniqueIdentifier>
    </Filter>
    <Filter Include="ソース ファイル\Player">
      <UniqueIdentifier>{bb811cab-ad43-4640-bd62-40f937866739}</UniqueIdentifier>
    </Filter>
    <Filter Include="ソース ファイル\Button">
      <UniqueIdentifier>{65763477-0957-4e8f-bf4b-44d6ce6e2bff}</UniqueIdentifier>
    </Filter>
  </ItemGroup>
  <ItemGroup>
    <ClCompile Include="main.cpp">
      <Filter>ソース ファイル</Filter>
    </ClCompile>
    <ClCompile Include="pch.cpp">
      <Filter>ソース ファイル\common</Filter>
    </ClCompile>
    <ClCompile Include="Sound.cpp">
      <Filter>ソース ファイル\Sound</Filter>
    </ClCompile>
    <ClCompile Include="Image.cpp">
      <Filter>ソース ファイル\Image</Filter>
    </ClCompile>
    <ClCompile Include="Player.cpp">
      <Filter>ソース ファイル</Filter>
    </ClCompile>
    <ClCompile Include="Button.cpp">
      <Filter>ソース ファイル</Filter>
    </ClCompile>
  </ItemGroup>
  <ItemGroup>
    <ClInclude Include="pch.h">
      <Filter>ソース ファイル\common</Filter>
    </ClInclude>
    <ClInclude Include="Sound.h">
      <Filter>ソース ファイル\Sound</Filter>
    </ClInclude>
    <ClInclude Include="Image.h">
      <Filter>ソース ファイル\Image</Filter>
    </ClInclude>
    <ClInclude Include="Player.h" />
    <ClInclude Include="Button.h" />
  </ItemGroup>
</Project>